
Microsoft Visual Studio Solution File, Format Version 12.00
Project("{FAE04EC0-301F-11D3-BF4B-00C04F79EFBC}") = "Speckle.WebIfc.Importer", "Speckle.WebIfc.Importer\Speckle.WebIfc.Importer.csproj", "{B4E19F68-0540-451E-BABF-4A12B017EF66}"
EndProject
Project("{2150E333-8FDC-42A3-9474-1A3956D46DE8}") = "config", "config", "{5E926981-5018-4DE3-AF1E-90FF228EB09A}"
	ProjectSection(SolutionItems) = preProject
		.editorconfig = .editorconfig
		Directory.Build.props = Directory.Build.props
		Directory.Packages.props = Directory.Packages.props
		global.json = global.json
	EndProjectSection
EndProject
Project("{FAE04EC0-301F-11D3-BF4B-00C04F79EFBC}") = "build", "build\build.csproj", "{8E89E5BD-4EE3-4993-9D42-14F668F2A0D6}"
EndProject
Project("{FAE04EC0-301F-11D3-BF4B-00C04F79EFBC}") = "Speckle.Importer.Tester", "Speckle.Importer.Tester\Speckle.Importer.Tester.csproj", "{A0464E50-D451-4D19-B76B-DFDF53161F5B}"
EndProject
Global
	GlobalSection(SolutionConfigurationPlatforms) = preSolution
		Debug|Any CPU = Debug|Any CPU
		Release|Any CPU = Release|Any CPU
	EndGlobalSection
	GlobalSection(ProjectConfigurationPlatforms) = postSolution
		{B4E19F68-0540-451E-BABF-4A12B017EF66}.Debug|Any CPU.ActiveCfg = Debug|Any CPU
		{B4E19F68-0540-451E-BABF-4A12B017EF66}.Debug|Any CPU.Build.0 = Debug|Any CPU
		{B4E19F68-0540-451E-BABF-4A12B017EF66}.Release|Any CPU.ActiveCfg = Release|Any CPU
		{B4E19F68-0540-451E-BABF-4A12B017EF66}.Release|Any CPU.Build.0 = Release|Any CPU
		{8E89E5BD-4EE3-4993-9D42-14F668F2A0D6}.Debug|Any CPU.ActiveCfg = Debug|Any CPU
		{8E89E5BD-4EE3-4993-9D42-14F668F2A0D6}.Debug|Any CPU.Build.0 = Debug|Any CPU
		{8E89E5BD-4EE3-4993-9D42-14F668F2A0D6}.Release|Any CPU.ActiveCfg = Release|Any CPU
		{8E89E5BD-4EE3-4993-9D42-14F668F2A0D6}.Release|Any CPU.Build.0 = Release|Any CPU
		{A0464E50-D451-4D19-B76B-DFDF53161F5B}.Debug|Any CPU.ActiveCfg = Debug|Any CPU
		{A0464E50-D451-4D19-B76B-DFDF53161F5B}.Debug|Any CPU.Build.0 = Debug|Any CPU
		{A0464E50-D451-4D19-B76B-DFDF53161F5B}.Release|Any CPU.ActiveCfg = Release|Any CPU
		{A0464E50-D451-4D19-B76B-DFDF53161F5B}.Release|Any CPU.Build.0 = Release|Any CPU
	EndGlobalSection
EndGlobal
